
Microsoft Visual Studio Solution File, Format Version 12.00
# Visual Studio Version 16
VisualStudioVersion = 16.0.32630.194
MinimumVisualStudioVersion = 10.0.40219.1
Project("{2150E333-8FDC-42A3-9474-1A3956D46DE8}") = "LoadTesting.Api", "LoadTesting.Api", "{9EB1F629-54C8-4E76-9569-40CE74800E9C}"
EndProject
Project("{2150E333-8FDC-42A3-9474-1A3956D46DE8}") = "LoadTesting.Tests", "LoadTesting.Tests", "{681E0C09-9291-4414-AA39-1FED8BE773DD}"
	ProjectSection(SolutionItems) = preProject
		load_test.js = load_test.js
		sample_test.js = sample_test.js
		spike_test.js = spike_test.js
		stress_test.js = stress_test.js
	EndProjectSection
EndProject
Project("{9A19103F-16F7-4668-BE54-9A1E7A4F7556}") = "LoadTesting.Api", "LoadTesting.Api\LoadTesting.Api.csproj", "{016875CB-E812-4EAD-814E-207C98534216}"
EndProject
Project("{FAE04EC0-301F-11D3-BF4B-00C04F79EFBC}") = "LoadTesting.Tests", "LoadTesting.Tests\LoadTesting.Tests.csproj", "{87A95C30-4933-4566-8AF5-029502E7121C}"
EndProject
Global
	GlobalSection(SolutionConfigurationPlatforms) = preSolution
		Debug|Any CPU = Debug|Any CPU
		Release|Any CPU = Release|Any CPU
	EndGlobalSection
	GlobalSection(ProjectConfigurationPlatforms) = postSolution
		{016875CB-E812-4EAD-814E-207C98534216}.Debug|Any CPU.ActiveCfg = Debug|Any CPU
		{016875CB-E812-4EAD-814E-207C98534216}.Debug|Any CPU.Build.0 = Debug|Any CPU
		{016875CB-E812-4EAD-814E-207C98534216}.Release|Any CPU.ActiveCfg = Release|Any CPU
		{016875CB-E812-4EAD-814E-207C98534216}.Release|Any CPU.Build.0 = Release|Any CPU
		{87A95C30-4933-4566-8AF5-029502E7121C}.Debug|Any CPU.ActiveCfg = Debug|Any CPU
		{87A95C30-4933-4566-8AF5-029502E7121C}.Debug|Any CPU.Build.0 = Debug|Any CPU
		{87A95C30-4933-4566-8AF5-029502E7121C}.Release|Any CPU.ActiveCfg = Release|Any CPU
		{87A95C30-4933-4566-8AF5-029502E7121C}.Release|Any CPU.Build.0 = Release|Any CPU
	EndGlobalSection
	GlobalSection(SolutionProperties) = preSolution
		HideSolutionNode = FALSE
	EndGlobalSection
	GlobalSection(NestedProjects) = preSolution
		{016875CB-E812-4EAD-814E-207C98534216} = {9EB1F629-54C8-4E76-9569-40CE74800E9C}
		{87A95C30-4933-4566-8AF5-029502E7121C} = {681E0C09-9291-4414-AA39-1FED8BE773DD}
	EndGlobalSection
	GlobalSection(ExtensibilityGlobals) = postSolution
		SolutionGuid = {66BB1F71-73A0-4FF8-8CB5-4038FFD94EC2}
	EndGlobalSection
EndGlobal
